Microsoft Visual Studio Solution File, Format Version 12.00
# Visual Studio Version 17
VisualStudioVersion = 17.13.35806.99
MinimumVisualStudioVersion = 10.0.40219.1
Project("{FAE04EC0-301F-11D3-BF4B-00C04F79EFBC}") = "WebAssign1", "WebAssign1\WebAssign1.csproj", "{CD6AFC91-42C9-4259-A7A8-31C9A26BF936}"
EndProject
Global
	GlobalSection(SolutionConfigurationPlatforms) = preSolution
		Debug|Any CPU = Debug|Any CPU
		Release|Any CPU = Release|Any CPU
	EndGlobalSection
	GlobalSection(ProjectConfigurationPlatforms) = postSolution
		{CD6AFC91-42C9-4259-A7A8-31C9A26BF936}.Debug|Any CPU.ActiveCfg = Debug|Any CPU
		{CD6AFC91-42C9-4259-A7A8-31C9A26BF936}.Debug|Any CPU.Build.0 = Debug|Any CPU
		{CD6AFC91-42C9-4259-A7A8-31C9A26BF936}.Release|Any CPU.ActiveCfg = Release|Any CPU
		{CD6AFC91-42C9-4259-A7A8-31C9A26BF936}.Release|Any CPU.Build.0 = Release|Any CPU
	EndGlobalSection
	GlobalSection(SolutionProperties) = preSolution
		HideSolutionNode = FALSE
	EndGlobalSection
	GlobalSection(ExtensibilityGlobals) = postSolution
		SolutionGuid = {5C5551F7-5C96-47B5-BBAD-D046CCD3913A}
	EndGlobalSection
EndGlobal
